
Microsoft Visual Studio Solution File, Format Version 12.00
# Visual Studio Version 17
VisualStudioVersion = 17.11.35327.3
MinimumVisualStudioVersion = 10.0.40219.1
Project("{9A19103F-16F7-4668-BE54-9A1E7A4F7556}") = "TMS", "TMS\TMS.csproj", "{BEBC2D76-CD38-4191-A0EE-ADBAE833179A}"
EndProject
Project("{FAE04EC0-301F-11D3-BF4B-00C04F79EFBC}") = "XunitTest", "XunitTest\XunitTest.csproj", "{89F52132-6D29-47E6-8B3A-C42A149C280A}"
EndProject
Global
	GlobalSection(SolutionConfigurationPlatforms) = preSolution
		Debug|Any CPU = Debug|Any CPU
		Release|Any CPU = Release|Any CPU
	EndGlobalSection
	GlobalSection(ProjectConfigurationPlatforms) = postSolution
		{BEBC2D76-CD38-4191-A0EE-ADBAE833179A}.Debug|Any CPU.ActiveCfg = Debug|Any CPU
		{BEBC2D76-CD38-4191-A0EE-ADBAE833179A}.Debug|Any CPU.Build.0 = Debug|Any CPU
		{BEBC2D76-CD38-4191-A0EE-ADBAE833179A}.Release|Any CPU.ActiveCfg = Release|Any CPU
		{BEBC2D76-CD38-4191-A0EE-ADBAE833179A}.Release|Any CPU.Build.0 = Release|Any CPU
		{89F52132-6D29-47E6-8B3A-C42A149C280A}.Debug|Any CPU.ActiveCfg = Debug|Any CPU
		{89F52132-6D29-47E6-8B3A-C42A149C280A}.Debug|Any CPU.Build.0 = Debug|Any CPU
		{89F52132-6D29-47E6-8B3A-C42A149C280A}.Release|Any CPU.ActiveCfg = Release|Any CPU
		{89F52132-6D29-47E6-8B3A-C42A149C280A}.Release|Any CPU.Build.0 = Release|Any CPU
	EndGlobalSection
	GlobalSection(SolutionProperties) = preSolution
		HideSolutionNode = FALSE
	EndGlobalSection
	GlobalSection(ExtensibilityGlobals) = postSolution
		SolutionGuid = {2890DF92-E77F-43A4-8C3A-3C4353CB847B}
	EndGlobalSection
EndGlobal
